// !$*UTF8*$!
{
	archiveVersion = 1;
	classes = {
	};
	objectVersion = 55;
	objects = {

/* Begin PBXBuildFile section */
		B80064A42943DC94002AAD55 /* Image+TypeIconStyle.swift in Sources */ = {isa = PBXBuildFile; fileRef = B80064A32943DC94002AAD55 /* Image+TypeIconStyle.swift */; };
		B83369BB292DEE4800E84BD5 /* Bundle+Decode.swift in Sources */ = {isa = PBXBuildFile; fileRef = B83369BA292DEE4800E84BD5 /* Bundle+Decode.swift */; };
		B840AA09292DDCAF00279EB4 /* pokemon.json in Resources */ = {isa = PBXBuildFile; fileRef = B840AA08292DDCAF00279EB4 /* pokemon.json */; };
		B8485E3F27BF2A3D0065CC5E /* SwiftUI_PokedexApp.swift in Sources */ = {isa = PBXBuildFile; fileRef = B8485E3E27BF2A3D0065CC5E /* SwiftUI_PokedexApp.swift */; };
		B8485E4127BF2A3D0065CC5E /* PokedexView.swift in Sources */ = {isa = PBXBuildFile; fileRef = B8485E4027BF2A3D0065CC5E /* PokedexView.swift */; };
		B8485E4327BF2A3F0065CC5E /* Assets.xcassets in Resources */ = {isa = PBXBuildFile; fileRef = B8485E4227BF2A3F0065CC5E /* Assets.xcassets */; };
		B8485E4627BF2A3F0065CC5E /* Preview Assets.xcassets in Resources */ = {isa = PBXBuildFile; fileRef = B8485E4527BF2A3F0065CC5E /* Preview Assets.xcassets */; };
		B8485E7427C09A430065CC5E /* PokemonViewModel.swift in Sources */ = {isa = PBXBuildFile; fileRef = B8485E7327C09A430065CC5E /* PokemonViewModel.swift */; };
		B8485E7727C09B2F0065CC5E /* Pokemon.swift in Sources */ = {isa = PBXBuildFile; fileRef = B8485E7627C09B2F0065CC5E /* Pokemon.swift */; };
		B896E84E27C35C45000CCF57 /* PokemonCell.swift in Sources */ = {isa = PBXBuildFile; fileRef = B896E84D27C35C45000CCF57 /* PokemonCell.swift */; };
		B896E88727C4B193000CCF57 /* PokemonDetailView.swift in Sources */ = {isa = PBXBuildFile; fileRef = B896E88627C4B193000CCF57 /* PokemonDetailView.swift */; };
		B896E8E427C73C61000CCF57 /* LoadingView.swift in Sources */ = {isa = PBXBuildFile; fileRef = B896E8E327C73C61000CCF57 /* LoadingView.swift */; };
		B896E8EA27C95F4C000CCF57 /* PokemonResult.swift in Sources */ = {isa = PBXBuildFile; fileRef = B896E8E927C95F4C000CCF57 /* PokemonResult.swift */; };
/* End PBXBuildFile section */

/* Begin PBXFileReference section */
		B80064A32943DC94002AAD55 /* Image+TypeIconStyle.swift */ = {isa = PBXFileReference; lastKnownFileType = sourcecode.swift; path = "Image+TypeIconStyle.swift"; sourceTree = "<group>"; };
		B83369BA292DEE4800E84BD5 /* Bundle+Decode.swift */ = {isa = PBXFileReference; lastKnownFileType = sourcecode.swift; path = "Bundle+Decode.swift"; sourceTree = "<group>"; };
		B840AA08292DDCAF00279EB4 /* pokemon.json */ = {isa = PBXFileReference; lastKnownFileType = text.json; path = pokemon.json; sourceTree = "<group>"; };
		B8485E3B27BF2A3D0065CC5E /* SwiftUI-Pokedex.app */ = {isa = PBXFileReference; explicitFileType = wrapper.application; includeInIndex = 0; path = "SwiftUI-Pokedex.app"; sourceTree = BUILT_PRODUCTS_DIR; };
		B8485E3E27BF2A3D0065CC5E /* SwiftUI_PokedexApp.swift */ = {isa = PBXFileReference; lastKnownFileType = sourcecode.swift; path = SwiftUI_PokedexApp.swift; sourceTree = "<group>"; };
		B8485E4027BF2A3D0065CC5E /* PokedexView.swift */ = {isa = PBXFileReference; lastKnownFileType = sourcecode.swift; path = PokedexView.swift; sourceTree = "<group>"; };
		B8485E4227BF2A3F0065CC5E /* Assets.xcassets */ = {isa = PBXFileReference; lastKnownFileType = folder.assetcatalog; path = Assets.xcassets; sourceTree = "<group>"; };
		B8485E4527BF2A3F0065CC5E /* Preview Assets.xcassets */ = {isa = PBXFileReference; lastKnownFileType = folder.assetcatalog; path = "Preview Assets.xcassets"; sourceTree = "<group>"; };
		B8485E7327C09A430065CC5E /* PokemonViewModel.swift */ = {isa = PBXFileReference; lastKnownFileType = sourcecode.swift; path = PokemonViewModel.swift; sourceTree = "<group>"; };
		B8485E7627C09B2F0065CC5E /* Pokemon.swift */ = {isa = PBXFileReference; lastKnownFileType = sourcecode.swift; path = Pokemon.swift; sourceTree = "<group>"; };
		B896E84D27C35C45000CCF57 /* PokemonCell.swift */ = {isa = PBXFileReference; lastKnownFileType = sourcecode.swift; path = PokemonCell.swift; sourceTree = "<group>"; };
		B896E88627C4B193000CCF57 /* PokemonDetailView.swift */ = {isa = PBXFileReference; lastKnownFileType = sourcecode.swift; path = PokemonDetailView.swift; sourceTree = "<group>"; };
		B896E8E327C73C61000CCF57 /* LoadingView.swift */ = {isa = PBXFileReference; lastKnownFileType = sourcecode.swift; path = LoadingView.swift; sourceTree = "<group>"; };
		B896E8E927C95F4C000CCF57 /* PokemonResult.swift */ = {isa = PBXFileReference; lastKnownFileType = sourcecode.swift; path = PokemonResult.swift; sourceTree = "<group>"; };
/* End PBXFileReference section */

/* Begin PBXFrameworksBuildPhase section */
		B8485E3827BF2A3D0065CC5E /* Frameworks */ = {
			isa = PBXFrameworksBuildPhase;
			buildActionMask = 2147483647;
			files = (
			);
			runOnlyForDeploymentPostprocessing = 0;
		};
/* End PBXFrameworksBuildPhase section */

/* Begin PBXGroup section */
		B83369B9292DEE3700E84BD5 /* Extensions */ = {
			isa = PBXGroup;
			children = (
				B83369BA292DEE4800E84BD5 /* Bundle+Decode.swift */,
				B80064A32943DC94002AAD55 /* Image+TypeIconStyle.swift */,
			);
			path = Extensions;
			sourceTree = "<group>";
		};
		B840AA07292DDC9400279EB4 /* Data */ = {
			isa = PBXGroup;
			children = (
				B840AA08292DDCAF00279EB4 /* pokemon.json */,
			);
			path = Data;
			sourceTree = "<group>";
		};
		B8485E3227BF2A3D0065CC5E = {
			isa = PBXGroup;
			children = (
				B8485E3D27BF2A3D0065CC5E /* SwiftUI-Pokedex */,
				B8485E3C27BF2A3D0065CC5E /* Products */,
			);
			sourceTree = "<group>";
		};
		B8485E3C27BF2A3D0065CC5E /* Products */ = {
			isa = PBXGroup;
			children = (
				B8485E3B27BF2A3D0065CC5E /* SwiftUI-Pokedex.app */,
			);
			name = Products;
			sourceTree = "<group>";
		};
		B8485E3D27BF2A3D0065CC5E /* SwiftUI-Pokedex */ = {
			isa = PBXGroup;
			children = (
				B8485E3E27BF2A3D0065CC5E /* SwiftUI_PokedexApp.swift */,
				B840AA07292DDC9400279EB4 /* Data */,
				B83369B9292DEE3700E84BD5 /* Extensions */,
				B8485E4D27BF6E770065CC5E /* Views */,
				B8485E7827C09B390065CC5E /* Models */,
				B8485E7527C09A470065CC5E /* ViewModels */,
				B8485E4227BF2A3F0065CC5E /* Assets.xcassets */,
				B8485E4427BF2A3F0065CC5E /* Preview Content */,
			);
			path = "SwiftUI-Pokedex";
			sourceTree = "<group>";
		};
		B8485E4427BF2A3F0065CC5E /* Preview Content */ = {
			isa = PBXGroup;
			children = (
				B8485E4527BF2A3F0065CC5E /* Preview Assets.xcassets */,
			);
			path = "Preview Content";
			sourceTree = "<group>";
		};
		B8485E4D27BF6E770065CC5E /* Views */ = {
			isa = PBXGroup;
			children = (
				B896E8E327C73C61000CCF57 /* LoadingView.swift */,
				B8485E4027BF2A3D0065CC5E /* PokedexView.swift */,
				B896E84D27C35C45000CCF57 /* PokemonCell.swift */,
				B896E88627C4B193000CCF57 /* PokemonDetailView.swift */,
			);
			path = Views;
			sourceTree = "<group>";
		};
		B8485E7527C09A470065CC5E /* ViewModels */ = {
			isa = PBXGroup;
			children = (
				B8485E7327C09A430065CC5E /* PokemonViewModel.swift */,
			);
			path = ViewModels;
			sourceTree = "<group>";
		};
		B8485E7827C09B390065CC5E /* Models */ = {
			isa = PBXGroup;
			children = (
				B8485E7627C09B2F0065CC5E /* Pokemon.swift */,
				B896E8E927C95F4C000CCF57 /* PokemonResult.swift */,
			);
			path = Models;
			sourceTree = "<group>";
		};
/* End PBXGroup section */

/* Begin PBXNativeTarget section */
		B8485E3A27BF2A3D0065CC5E /* SwiftUI-Pokedex */ = {
			isa = PBXNativeTarget;
			buildConfigurationList = B8485E4927BF2A3F0065CC5E /* Build configuration list for PBXNativeTarget "SwiftUI-Pokedex" */;
			buildPhases = (
				B8485E3727BF2A3D0065CC5E /* Sources */,
				B8485E3827BF2A3D0065CC5E /* Frameworks */,
				B8485E3927BF2A3D0065CC5E /* Resources */,
			);
			buildRules = (
			);
			dependencies = (
			);
			name = "SwiftUI-Pokedex";
			packageProductDependencies = (
			);
			productName = "SwiftUI-Pokedex";
			productReference = B8485E3B27BF2A3D0065CC5E /* SwiftUI-Pokedex.app */;
			productType = "com.apple.product-type.application";
		};
/* End PBXNativeTarget section */

/* Begin PBXProject section */
		B8485E3327BF2A3D0065CC5E /* Project object */ = {
			isa = PBXProject;
			attributes = {
				BuildIndependentTargetsInParallel = 1;
				LastSwiftUpdateCheck = 1320;
				LastUpgradeCheck = 1320;
				TargetAttributes = {
					B8485E3A27BF2A3D0065CC5E = {
						CreatedOnToolsVersion = 13.2;
					};
				};
			};
			buildConfigurationList = B8485E3627BF2A3D0065CC5E /* Build configuration list for PBXProject "SwiftUI-Pokedex" */;
			compatibilityVersion = "Xcode 13.0";
			developmentRegion = en;
			hasScannedForEncodings = 0;
			knownRegions = (
				en,
				Base,
			);
			mainGroup = B8485E3227BF2A3D0065CC5E;
			packageReferences = (
			);
			productRefGroup = B8485E3C27BF2A3D0065CC5E /* Products */;
			projectDirPath = "";
			projectRoot = "";
			targets = (
				B8485E3A27BF2A3D0065CC5E /* SwiftUI-Pokedex */,
			);
		};
/* End PBXProject section */

/* Begin PBXResourcesBuildPhase section */
		B8485E3927BF2A3D0065CC5E /* Resources */ = {
			isa = PBXResourcesBuildPhase;
			buildActionMask = 2147483647;
			files = (
				B8485E4627BF2A3F0065CC5E /* Preview Assets.xcassets in Resources */,
				B840AA09292DDCAF00279EB4 /* pokemon.json in Resources */,
				B8485E4327BF2A3F0065CC5E /* Assets.xcassets in Resources */,
			);
			runOnlyForDeploymentPostprocessing = 0;
		};
/* End PBXResourcesBuildPhase section */

/* Begin PBXSourcesBuildPhase section */
		B8485E3727BF2A3D0065CC5E /* Sources */ = {
			isa = PBXSourcesBuildPhase;
			buildActionMask = 2147483647;
			files = (
				B896E84E27C35C45000CCF57 /* PokemonCell.swift in Sources */,
				B8485E4127BF2A3D0065CC5E /* PokedexView.swift in Sources */,
				B80064A42943DC94002AAD55 /* Image+TypeIconStyle.swift in Sources */,
				B896E8E427C73C61000CCF57 /* LoadingView.swift in Sources */,
				B8485E7727C09B2F0065CC5E /* Pokemon.swift in Sources */,
				B83369BB292DEE4800E84BD5 /* Bundle+Decode.swift in Sources */,
				B8485E3F27BF2A3D0065CC5E /* SwiftUI_PokedexApp.swift in Sources */,
				B8485E7427C09A430065CC5E /* PokemonViewModel.swift in Sources */,
				B896E88727C4B193000CCF57 /* PokemonDetailView.swift in Sources */,
				B896E8EA27C95F4C000CCF57 /* PokemonResult.swift in Sources */,
			);
			runOnlyForDeploymentPostprocessing = 0;
		};
/* End PBXSourcesBuildPhase section */

/* Begin XCBuildConfiguration section */
		B8485E4727BF2A3F0065CC5E /* Debug */ = {
			isa = XCBuildConfiguration;
			buildSettings = {
				ALWAYS_SEARCH_USER_PATHS = NO;
				CLANG_ANALYZER_NONNULL = YES;
				CLANG_ANALYZER_NUMBER_OBJECT_CONVERSION = YES_AGGRESSIVE;
				CLANG_CXX_LANGUAGE_STANDARD = "gnu++17";
				CLANG_CXX_LIBRARY = "libc++";
				CLANG_ENABLE_MODULES = YES;
				CLANG_ENABLE_OBJC_ARC = YES;
				CLANG_ENABLE_OBJC_WEAK = YES;
				CLANG_WARN_BLOCK_CAPTURE_AUTORELEASING = YES;
				CLANG_WARN_BOOL_CONVERSION = YES;
				CLANG_WARN_COMMA = YES;
				CLANG_WARN_CONSTANT_CONVERSION = YES;
				CLANG_WARN_DEPRECATED_OBJC_IMPLEMENTATIONS = YES;
				CLANG_WARN_DIRECT_OBJC_ISA_USAGE = YES_ERROR;
				CLANG_WARN_DOCUMENTATION_COMMENTS = YES;
				CLANG_WARN_EMPTY_BODY = YES;
				CLANG_WARN_ENUM_CONVERSION = YES;
				CLANG_WARN_INFINITE_RECURSION = YES;
				CLANG_WARN_INT_CONVERSION = YES;
				CLANG_WARN_NON_LITERAL_NULL_CONVERSION = YES;
				CLANG_WARN_OBJC_IMPLICIT_RETAIN_SELF = YES;
				CLANG_WARN_OBJC_LITERAL_CONVERSION = YES;
				CLANG_WARN_OBJC_ROOT_CLASS = YES_ERROR;
				CLANG_WARN_QUOTED_INCLUDE_IN_FRAMEWORK_HEADER = YES;
				CLANG_WARN_RANGE_LOOP_ANALYSIS = YES;
				CLANG_WARN_STRICT_PROTOTYPES = YES;
				CLANG_WARN_SUSPICIOUS_MOVE = YES;
				CLANG_WARN_UNGUARDED_AVAILABILITY = YES_AGGRESSIVE;
				CLANG_WARN_UNREACHABLE_CODE = YES;
				CLANG_WARN__DUPLICATE_METHOD_MATCH = YES;
				COPY_PHASE_STRIP = NO;
				DEBUG_INFORMATION_FORMAT = dwarf;
				ENABLE_STRICT_OBJC_MSGSEND = YES;
				ENABLE_TESTABILITY = YES;
				GCC_C_LANGUAGE_STANDARD = gnu11;
				GCC_DYNAMIC_NO_PIC = NO;
				GCC_NO_COMMON_BLOCKS = YES;
				GCC_OPTIMIZATION_LEVEL = 0;
				GCC_PREPROCESSOR_DEFINITIONS = (
					"DEBUG=1",
					"$(inherited)",
				);
				GCC_WARN_64_TO_32_BIT_CONVERSION = YES;
				GCC_WARN_ABOUT_RETURN_TYPE = YES_ERROR;
				GCC_WARN_UNDECLARED_SELECTOR = YES;
				GCC_WARN_UNINITIALIZED_AUTOS = YES_AGGRESSIVE;
				GCC_WARN_UNUSED_FUNCTION = YES;
				GCC_WARN_UNUSED_VARIABLE = YES;
				IPHONEOS_DEPLOYMENT_TARGET = 15.2;
				MTL_ENABLE_DEBUG_INFO = INCLUDE_SOURCE;
				MTL_FAST_MATH = YES;
				ONLY_ACTIVE_ARCH = YES;
				SDKROOT = iphoneos;
				SWIFT_ACTIVE_COMPILATION_CONDITIONS = DEBUG;
				SWIFT_OPTIMIZATION_LEVEL = "-Onone";
			};
			name = Debug;
		};
		B8485E4827BF2A3F0065CC5E /* Release */ = {
			isa = XCBuildConfiguration;
			buildSettings = {
				ALWAYS_SEARCH_USER_PATHS = NO;
				CLANG_ANALYZER_NONNULL = YES;
				CLANG_ANALYZER_NUMBER_OBJECT_CONVERSION = YES_AGGRESSIVE;
				CLANG_CXX_LANGUAGE_STANDARD = "gnu++17";
				CLANG_CXX_LIBRARY = "libc++";
				CLANG_ENABLE_MODULES = YES;
				CLANG_ENABLE_OBJC_ARC = YES;
				CLANG_ENABLE_OBJC_WEAK = YES;
				CLANG_WARN_BLOCK_CAPTURE_AUTORELEASING = YES;
				CLANG_WARN_BOOL_CONVERSION = YES;
				CLANG_WARN_COMMA = YES;
				CLANG_WARN_CONSTANT_CONVERSION = YES;
				CLANG_WARN_DEPRECATED_OBJC_IMPLEMENTATIONS = YES;
				CLANG_WARN_DIRECT_OBJC_ISA_USAGE = YES_ERROR;
				CLANG_WARN_DOCUMENTATION_COMMENTS = YES;
				CLANG_WARN_EMPTY_BODY = YES;
				CLANG_WARN_ENUM_CONVERSION = YES;
				CLANG_WARN_INFINITE_RECURSION = YES;
				CLANG_WARN_INT_CONVERSION = YES;
				CLANG_WARN_NON_LITERAL_NULL_CONVERSION = YES;
				CLANG_WARN_OBJC_IMPLICIT_RETAIN_SELF = YES;
				CLANG_WARN_OBJC_LITERAL_CONVERSION = YES;
				CLANG_WARN_OBJC_ROOT_CLASS = YES_ERROR;
				CLANG_WARN_QUOTED_INCLUDE_IN_FRAMEWORK_HEADER = YES;
				CLANG_WARN_RANGE_LOOP_ANALYSIS = YES;
				CLANG_WARN_STRICT_PROTOTYPES = YES;
				CLANG_WARN_SUSPICIOUS_MOVE = YES;
				CLANG_WARN_UNGUARDED_AVAILABILITY = YES_AGGRESSIVE;
				CLANG_WARN_UNREACHABLE_CODE = YES;
				CLANG_WARN__DUPLICATE_METHOD_MATCH = YES;
				COPY_PHASE_STRIP = NO;
				DEBUG_INFORMATION_FORMAT = "dwarf-with-dsym";
				ENABLE_NS_ASSERTIONS = NO;
				ENABLE_STRICT_OBJC_MSGSEND = YES;
				GCC_C_LANGUAGE_STANDARD = gnu11;
				GCC_NO_COMMON_BLOCKS = YES;
				GCC_WARN_64_TO_32_BIT_CONVERSION = YES;
				GCC_WARN_ABOUT_RETURN_TYPE = YES_ERROR;
				GCC_WARN_UNDECLARED_SELECTOR = YES;
				GCC_WARN_UNINITIALIZED_AUTOS = YES_AGGRESSIVE;
				GCC_WARN_UNUSED_FUNCTION = YES;
				GCC_WARN_UNUSED_VARIABLE = YES;
				IPHONEOS_DEPLOYMENT_TARGET = 15.2;
				MTL_ENABLE_DEBUG_INFO = NO;
				MTL_FAST_MATH = YES;
				SDKROOT = iphoneos;
				SWIFT_COMPILATION_MODE = wholemodule;
				SWIFT_OPTIMIZATION_LEVEL = "-O";
				VALIDATE_PRODUCT = YES;
			};
			name = Release;
		};
		B8485E4A27BF2A3F0065CC5E /* Debug */ = {
			isa = XCBuildConfiguration;
			buildSettings = {
				ASSETCATALOG_COMPILER_APPICON_NAME = AppIcon;
				ASSETCATALOG_COMPILER_GLOBAL_ACCENT_COLOR_NAME = AccentColor;
				CODE_SIGN_STYLE = Automatic;
				CURRENT_PROJECT_VERSION = 1;
				DEVELOPMENT_ASSET_PATHS = "\"SwiftUI-Pokedex/Preview Content\"";
				DEVELOPMENT_TEAM = CV4APKG945;
				ENABLE_PREVIEWS = YES;
				GENERATE_INFOPLIST_FILE = YES;
				INFOPLIST_KEY_UIApplicationSceneManifest_Generation = YES;
				INFOPLIST_KEY_UIApplicationSupportsIndirectInputEvents = YES;
				INFOPLIST_KEY_UILaunchScreen_Generation = YES;
				INFOPLIST_KEY_UISupportedInterfaceOrientations = UIInterfaceOrientationPortrait;
				INFOPLIST_KEY_UISupportedInterfaceOrientations_iPad = "UIInterfaceOrientationPortrait UIInterfaceOrientationPortraitUpsideDown UIInterfaceOrientationLandscapeLeft UIInterfaceOrientationLandscapeRight";
				INFOPLIST_KEY_UISupportedInterfaceOrientations_iPhone = "UIInterfaceOrientationPortrait UIInterfaceOrientationLandscapeLeft UIInterfaceOrientationLandscapeRight";
				IPHONEOS_DEPLOYMENT_TARGET = 15.0;
				LD_RUNPATH_SEARCH_PATHS = (
					"$(inherited)",
					"@executable_path/Frameworks",
				);
				MARKETING_VERSION = 1.0;
				PRODUCT_BUNDLE_IDENTIFIER = "dev.mattwurl.SwiftUI-Pokedex";
				PRODUCT_NAME = "$(TARGET_NAME)";
				SWIFT_EMIT_LOC_STRINGS = YES;
				SWIFT_VERSION = 5.0;
				TARGETED_DEVICE_FAMILY = "1,2";
			};
			name = Debug;
		};
		B8485E4B27BF2A3F0065CC5E /* Release */ = {
			isa = XCBuildConfiguration;
			buildSettings = {
				ASSETCATALOG_COMPILER_APPICON_NAME = AppIcon;
				ASSETCATALOG_COMPILER_GLOBAL_ACCENT_COLOR_NAME = AccentColor;
				CODE_SIGN_STYLE = Automatic;
				CURRENT_PROJECT_VERSION = 1;
				DEVELOPMENT_ASSET_PATHS = "\"SwiftUI-Pokedex/Preview Content\"";
				DEVELOPMENT_TEAM = CV4APKG945;
				ENABLE_PREVIEWS = YES;
				GENERATE_INFOPLIST_FILE = YES;
				INFOPLIST_KEY_UIApplicationSceneManifest_Generation = YES;
				INFOPLIST_KEY_UIApplicationSupportsIndirectInputEvents = YES;
				INFOPLIST_KEY_UILaunchScreen_Generation = YES;
				INFOPLIST_KEY_UISupportedInterfaceOrientations = UIInterfaceOrientationPortrait;
				INFOPLIST_KEY_UISupportedInterfaceOrientations_iPad = "UIInterfaceOrientationPortrait UIInterfaceOrientationPortraitUpsideDown UIInterfaceOrientationLandscapeLeft UIInterfaceOrientationLandscapeRight";
				INFOPLIST_KEY_UISupportedInterfaceOrientations_iPhone = "UIInterfaceOrientationPortrait UIInterfaceOrientationLandscapeLeft UIInterfaceOrientationLandscapeRight";
				IPHONEOS_DEPLOYMENT_TARGET = 15.0;
				LD_RUNPATH_SEARCH_PATHS = (
					"$(inherited)",
					"@executable_path/Frameworks",
				);
				MARKETING_VERSION = 1.0;
				PRODUCT_BUNDLE_IDENTIFIER = "dev.mattwurl.SwiftUI-Pokedex";
				PRODUCT_NAME = "$(TARGET_NAME)";
				SWIFT_EMIT_LOC_STRINGS = YES;
				SWIFT_VERSION = 5.0;
				TARGETED_DEVICE_FAMILY = "1,2";
			};
			name = Release;
		};
/* End XCBuildConfiguration section */

/* Begin XCConfigurationList section */
		B8485E3627BF2A3D0065CC5E /* Build configuration list for PBXProject "SwiftUI-Pokedex" */ = {
			isa = XCConfigurationList;
			buildConfigurations = (
				B8485E4727BF2A3F0065CC5E /* Debug */,
				B8485E4827BF2A3F0065CC5E /* Release */,
			);
			defaultConfigurationIsVisible = 0;
			defaultConfigurationName = Release;
		};
		B8485E4927BF2A3F0065CC5E /* Build configuration list for PBXNativeTarget "SwiftUI-Pokedex" */ = {
			isa = XCConfigurationList;
			buildConfigurations = (
				B8485E4A27BF2A3F0065CC5E /* Debug */,
				B8485E4B27BF2A3F0065CC5E /* Release */,
			);
			defaultConfigurationIsVisible = 0;
			defaultConfigurationName = Release;
		};
/* End XCConfigurationList section */
	};
	rootObject = B8485E3327BF2A3D0065CC5E /* Project object */;
}
